
Microsoft Visual Studio Solution File, Format Version 12.00
# Visual Studio Version 17
VisualStudioVersion = 17.0.31903.59
MinimumVisualStudioVersion = 10.0.40219.1
Project("{FAE04EC0-301F-11D3-BF4B-00C04F79EFBC}") = "SettingsPanel", "SettingsPanel\SettingsPanel.csproj", "{ED054A1A-CD5F-401A-A93F-3F30D78963B6}"
EndProject
Global
	GlobalSection(SolutionConfigurationPlatforms) = preSolution
		Debug|Any CPU = Debug|Any CPU
		Release|Any CPU = Release|Any CPU
	EndGlobalSection
	GlobalSection(ProjectConfigurationPlatforms) = postSolution
		{ED054A1A-CD5F-401A-A93F-3F30D78963B6}.Debug|Any CPU.ActiveCfg = Debug|Any CPU
		{ED054A1A-CD5F-401A-A93F-3F30D78963B6}.Debug|Any CPU.Build.0 = Debug|Any CPU
		{ED054A1A-CD5F-401A-A93F-3F30D78963B6}.Release|Any CPU.ActiveCfg = Release|Any CPU
		{ED054A1A-CD5F-401A-A93F-3F30D78963B6}.Release|Any CPU.Build.0 = Release|Any CPU
	EndGlobalSection
	GlobalSection(SolutionProperties) = preSolution
		HideSolutionNode = FALSE
	EndGlobalSection
EndGlobal
